// !$*UTF8*$!
{
	archiveVersion = 1;
	classes = {
	};
	objectVersion = 56;
	objects = {

/* Begin PBXBuildFile section */
		8260EDA829D9DEE50059AA09 /* CSE335Lab7App.swift in Sources */ = {isa = PBXBuildFile; fileRef = 8260EDA729D9DEE50059AA09 /* CSE335Lab7App.swift */; };
		8260EDAA29D9DEE50059AA09 /* ContentView.swift in Sources */ = {isa = PBXBuildFile; fileRef = 8260EDA929D9DEE50059AA09 /* ContentView.swift */; };
		8260EDAC29D9DEE60059AA09 /* Assets.xcassets in Resources */ = {isa = PBXBuildFile; fileRef = 8260EDAB29D9DEE60059AA09 /* Assets.xcassets */; };
		8260EDAF29D9DEE60059AA09 /* Preview Assets.xcassets in Resources */ = {isa = PBXBuildFile; fileRef = 8260EDAE29D9DEE60059AA09 /* Preview Assets.xcassets */; };
		8260EDB129D9DEE60059AA09 /* Persistence.swift in Sources */ = {isa = PBXBuildFile; fileRef = 8260EDB029D9DEE60059AA09 /* Persistence.swift */; };
		8260EDB429D9DEE60059AA09 /* CSE335Lab7.xcdatamodeld in Sources */ = {isa = PBXBuildFile; fileRef = 8260EDB229D9DEE60059AA09 /* CSE335Lab7.xcdatamodeld */; };
		8260EDBE29D9DEE60059AA09 /* CSE335Lab7Tests.swift in Sources */ = {isa = PBXBuildFile; fileRef = 8260EDBD29D9DEE60059AA09 /* CSE335Lab7Tests.swift */; };
		8260EDC829D9DEE60059AA09 /* CSE335Lab7UITests.swift in Sources */ = {isa = PBXBuildFile; fileRef = 8260EDC729D9DEE60059AA09 /* CSE335Lab7UITests.swift */; };
		8260EDCA29D9DEE60059AA09 /* CSE335Lab7UITestsLaunchTests.swift in Sources */ = {isa = PBXBuildFile; fileRef = 8260EDC929D9DEE60059AA09 /* CSE335Lab7UITestsLaunchTests.swift */; };
/* End PBXBuildFile section */

/* Begin PBXContainerItemProxy section */
		8260EDBA29D9DEE60059AA09 /* PBXContainerItemProxy */ = {
			isa = PBXContainerItemProxy;
			containerPortal = 8260ED9C29D9DEE50059AA09 /* Project object */;
			proxyType = 1;
			remoteGlobalIDString = 8260EDA329D9DEE50059AA09;
			remoteInfo = CSE335Lab7;
		};
		8260EDC429D9DEE60059AA09 /* PBXContainerItemProxy */ = {
			isa = PBXContainerItemProxy;
			containerPortal = 8260ED9C29D9DEE50059AA09 /* Project object */;
			proxyType = 1;
			remoteGlobalIDString = 8260EDA329D9DEE50059AA09;
			remoteInfo = CSE335Lab7;
		};
/* End PBXContainerItemProxy section */

/* Begin PBXFileReference section */
		8260EDA429D9DEE50059AA09 /* CSE335Lab7.app */ = {isa = PBXFileReference; explicitFileType = wrapper.application; includeInIndex = 0; path = CSE335Lab7.app; sourceTree = BUILT_PRODUCTS_DIR; };
		8260EDA729D9DEE50059AA09 /* CSE335Lab7App.swift */ = {isa = PBXFileReference; lastKnownFileType = sourcecode.swift; path = CSE335Lab7App.swift; sourceTree = "<group>"; };
		8260EDA929D9DEE50059AA09 /* ContentView.swift */ = {isa = PBXFileReference; lastKnownFileType = sourcecode.swift; path = ContentView.swift; sourceTree = "<group>"; };
		8260EDAB29D9DEE60059AA09 /* Assets.xcassets */ = {isa = PBXFileReference; lastKnownFileType = folder.assetcatalog; path = Assets.xcassets; sourceTree = "<group>"; };
		8260EDAE29D9DEE60059AA09 /* Preview Assets.xcassets */ = {isa = PBXFileReference; lastKnownFileType = folder.assetcatalog; path = "Preview Assets.xcassets"; sourceTree = "<group>"; };
		8260EDB029D9DEE60059AA09 /* Persistence.swift */ = {isa = PBXFileReference; lastKnownFileType = sourcecode.swift; path = Persistence.swift; sourceTree = "<group>"; };
		8260EDB329D9DEE60059AA09 /* CSE335Lab7.xcdatamodel */ = {isa = PBXFileReference; lastKnownFileType = wrapper.xcdatamodel; path = CSE335Lab7.xcdatamodel; sourceTree = "<group>"; };
		8260EDB929D9DEE60059AA09 /* CSE335Lab7Tests.xctest */ = {isa = PBXFileReference; explicitFileType = wrapper.cfbundle; includeInIndex = 0; path = CSE335Lab7Tests.xctest; sourceTree = BUILT_PRODUCTS_DIR; };
		8260EDBD29D9DEE60059AA09 /* CSE335Lab7Tests.swift */ = {isa = PBXFileReference; lastKnownFileType = sourcecode.swift; path = CSE335Lab7Tests.swift; sourceTree = "<group>"; };
		8260EDC329D9DEE60059AA09 /* CSE335Lab7UITests.xctest */ = {isa = PBXFileReference; explicitFileType = wrapper.cfbundle; includeInIndex = 0; path = CSE335Lab7UITests.xctest; sourceTree = BUILT_PRODUCTS_DIR; };
		8260EDC729D9DEE60059AA09 /* CSE335Lab7UITests.swift */ = {isa = PBXFileReference; lastKnownFileType = sourcecode.swift; path = CSE335Lab7UITests.swift; sourceTree = "<group>"; };
		8260EDC929D9DEE60059AA09 /* CSE335Lab7UITestsLaunchTests.swift */ = {isa = PBXFileReference; lastKnownFileType = sourcecode.swift; path = CSE335Lab7UITestsLaunchTests.swift; sourceTree = "<group>"; };
/* End PBXFileReference section */

/* Begin PBXFrameworksBuildPhase section */
		8260EDA129D9DEE50059AA09 /* Frameworks */ = {
			isa = PBXFrameworksBuildPhase;
			buildActionMask = 2147483647;
			files = (
			);
			runOnlyForDeploymentPostprocessing = 0;
		};
		8260EDB629D9DEE60059AA09 /* Frameworks */ = {
			isa = PBXFrameworksBuildPhase;
			buildActionMask = 2147483647;
			files = (
			);
			runOnlyForDeploymentPostprocessing = 0;
		};
		8260EDC029D9DEE60059AA09 /* Frameworks */ = {
			isa = PBXFrameworksBuildPhase;
			buildActionMask = 2147483647;
			files = (
			);
			runOnlyForDeploymentPostprocessing = 0;
		};
/* End PBXFrameworksBuildPhase section */

/* Begin PBXGroup section */
		8260ED9B29D9DEE50059AA09 = {
			isa = PBXGroup;
			children = (
				8260EDA629D9DEE50059AA09 /* CSE335Lab7 */,
				8260EDBC29D9DEE60059AA09 /* CSE335Lab7Tests */,
				8260EDC629D9DEE60059AA09 /* CSE335Lab7UITests */,
				8260EDA529D9DEE50059AA09 /* Products */,
			);
			sourceTree = "<group>";
		};
		8260EDA529D9DEE50059AA09 /* Products */ = {
			isa = PBXGroup;
			children = (
				8260EDA429D9DEE50059AA09 /* CSE335Lab7.app */,
				8260EDB929D9DEE60059AA09 /* CSE335Lab7Tests.xctest */,
				8260EDC329D9DEE60059AA09 /* CSE335Lab7UITests.xctest */,
			);
			name = Products;
			sourceTree = "<group>";
		};
		8260EDA629D9DEE50059AA09 /* CSE335Lab7 */ = {
			isa = PBXGroup;
			children = (
				8260EDA729D9DEE50059AA09 /* CSE335Lab7App.swift */,
				8260EDA929D9DEE50059AA09 /* ContentView.swift */,
				8260EDAB29D9DEE60059AA09 /* Assets.xcassets */,
				8260EDB029D9DEE60059AA09 /* Persistence.swift */,
				8260EDB229D9DEE60059AA09 /* CSE335Lab7.xcdatamodeld */,
				8260EDAD29D9DEE60059AA09 /* Preview Content */,
			);
			path = CSE335Lab7;
			sourceTree = "<group>";
		};
		8260EDAD29D9DEE60059AA09 /* Preview Content */ = {
			isa = PBXGroup;
			children = (
				8260EDAE29D9DEE60059AA09 /* Preview Assets.xcassets */,
			);
			path = "Preview Content";
			sourceTree = "<group>";
		};
		8260EDBC29D9DEE60059AA09 /* CSE335Lab7Tests */ = {
			isa = PBXGroup;
			children = (
				8260EDBD29D9DEE60059AA09 /* CSE335Lab7Tests.swift */,
			);
			path = CSE335Lab7Tests;
			sourceTree = "<group>";
		};
		8260EDC629D9DEE60059AA09 /* CSE335Lab7UITests */ = {
			isa = PBXGroup;
			children = (
				8260EDC729D9DEE60059AA09 /* CSE335Lab7UITests.swift */,
				8260EDC929D9DEE60059AA09 /* CSE335Lab7UITestsLaunchTests.swift */,
			);
			path = CSE335Lab7UITests;
			sourceTree = "<group>";
		};
/* End PBXGroup section */

/* Begin PBXNativeTarget section */
		8260EDA329D9DEE50059AA09 /* CSE335Lab7 */ = {
			isa = PBXNativeTarget;
			buildConfigurationList = 8260EDCD29D9DEE60059AA09 /* Build configuration list for PBXNativeTarget "CSE335Lab7" */;
			buildPhases = (
				8260EDA029D9DEE50059AA09 /* Sources */,
				8260EDA129D9DEE50059AA09 /* Frameworks */,
				8260EDA229D9DEE50059AA09 /* Resources */,
			);
			buildRules = (
			);
			dependencies = (
			);
			name = CSE335Lab7;
			productName = CSE335Lab7;
			productReference = 8260EDA429D9DEE50059AA09 /* CSE335Lab7.app */;
			productType = "com.apple.product-type.application";
		};
		8260EDB829D9DEE60059AA09 /* CSE335Lab7Tests */ = {
			isa = PBXNativeTarget;
			buildConfigurationList = 8260EDD029D9DEE60059AA09 /* Build configuration list for PBXNativeTarget "CSE335Lab7Tests" */;
			buildPhases = (
				8260EDB529D9DEE60059AA09 /* Sources */,
				8260EDB629D9DEE60059AA09 /* Frameworks */,
				8260EDB729D9DEE60059AA09 /* Resources */,
			);
			buildRules = (
			);
			dependencies = (
				8260EDBB29D9DEE60059AA09 /* PBXTargetDependency */,
			);
			name = CSE335Lab7Tests;
			productName = CSE335Lab7Tests;
			productReference = 8260EDB929D9DEE60059AA09 /* CSE335Lab7Tests.xctest */;
			productType = "com.apple.product-type.bundle.unit-test";
		};
		8260EDC229D9DEE60059AA09 /* CSE335Lab7UITests */ = {
			isa = PBXNativeTarget;
			buildConfigurationList = 8260EDD329D9DEE60059AA09 /* Build configuration list for PBXNativeTarget "CSE335Lab7UITests" */;
			buildPhases = (
				8260EDBF29D9DEE60059AA09 /* Sources */,
				8260EDC029D9DEE60059AA09 /* Frameworks */,
				8260EDC129D9DEE60059AA09 /* Resources */,
			);
			buildRules = (
			);
			dependencies = (
				8260EDC529D9DEE60059AA09 /* PBXTargetDependency */,
			);
			name = CSE335Lab7UITests;
			productName = CSE335Lab7UITests;
			productReference = 8260EDC329D9DEE60059AA09 /* CSE335Lab7UITests.xctest */;
			productType = "com.apple.product-type.bundle.ui-testing";
		};
/* End PBXNativeTarget section */

/* Begin PBXProject section */
		8260ED9C29D9DEE50059AA09 /* Project object */ = {
			isa = PBXProject;
			attributes = {
				BuildIndependentTargetsInParallel = 1;
				LastSwiftUpdateCheck = 1420;
				LastUpgradeCheck = 1420;
				TargetAttributes = {
					8260EDA329D9DEE50059AA09 = {
						CreatedOnToolsVersion = 14.2;
					};
					8260EDB829D9DEE60059AA09 = {
						CreatedOnToolsVersion = 14.2;
						TestTargetID = 8260EDA329D9DEE50059AA09;
					};
					8260EDC229D9DEE60059AA09 = {
						CreatedOnToolsVersion = 14.2;
						TestTargetID = 8260EDA329D9DEE50059AA09;
					};
				};
			};
			buildConfigurationList = 8260ED9F29D9DEE50059AA09 /* Build configuration list for PBXProject "CSE335Lab7" */;
			compatibilityVersion = "Xcode 14.0";
			developmentRegion = en;
			hasScannedForEncodings = 0;
			knownRegions = (
				en,
				Base,
			);
			mainGroup = 8260ED9B29D9DEE50059AA09;
			productRefGroup = 8260EDA529D9DEE50059AA09 /* Products */;
			projectDirPath = "";
			projectRoot = "";
			targets = (
				8260EDA329D9DEE50059AA09 /* CSE335Lab7 */,
				8260EDB829D9DEE60059AA09 /* CSE335Lab7Tests */,
				8260EDC229D9DEE60059AA09 /* CSE335Lab7UITests */,
			);
		};
/* End PBXProject section */

/* Begin PBXResourcesBuildPhase section */
		8260EDA229D9DEE50059AA09 /* Resources */ = {
			isa = PBXResourcesBuildPhase;
			buildActionMask = 2147483647;
			files = (
				8260EDAF29D9DEE60059AA09 /* Preview Assets.xcassets in Resources */,
				8260EDAC29D9DEE60059AA09 /* Assets.xcassets in Resources */,
			);
			runOnlyForDeploymentPostprocessing = 0;
		};
		8260EDB729D9DEE60059AA09 /* Resources */ = {
			isa = PBXResourcesBuildPhase;
			buildActionMask = 2147483647;
			files = (
			);
			runOnlyForDeploymentPostprocessing = 0;
		};
		8260EDC129D9DEE60059AA09 /* Resources */ = {
			isa = PBXResourcesBuildPhase;
			buildActionMask = 2147483647;
			files = (
			);
			runOnlyForDeploymentPostprocessing = 0;
		};
/* End PBXResourcesBuildPhase section */

/* Begin PBXSourcesBuildPhase section */
		8260EDA029D9DEE50059AA09 /* Sources */ = {
			isa = PBXSourcesBuildPhase;
			buildActionMask = 2147483647;
			files = (
				8260EDB129D9DEE60059AA09 /* Persistence.swift in Sources */,
				8260EDAA29D9DEE50059AA09 /* ContentView.swift in Sources */,
				8260EDA829D9DEE50059AA09 /* CSE335Lab7App.swift in Sources */,
				8260EDB429D9DEE60059AA09 /* CSE335Lab7.xcdatamodeld in Sources */,
			);
			runOnlyForDeploymentPostprocessing = 0;
		};
		8260EDB529D9DEE60059AA09 /* Sources */ = {
			isa = PBXSourcesBuildPhase;
			buildActionMask = 2147483647;
			files = (
				8260EDBE29D9DEE60059AA09 /* CSE335Lab7Tests.swift in Sources */,
			);
			runOnlyForDeploymentPostprocessing = 0;
		};
		8260EDBF29D9DEE60059AA09 /* Sources */ = {
			isa = PBXSourcesBuildPhase;
			buildActionMask = 2147483647;
			files = (
				8260EDCA29D9DEE60059AA09 /* CSE335Lab7UITestsLaunchTests.swift in Sources */,
				8260EDC829D9DEE60059AA09 /* CSE335Lab7UITests.swift in Sources */,
			);
			runOnlyForDeploymentPostprocessing = 0;
		};
/* End PBXSourcesBuildPhase section */

/* Begin PBXTargetDependency section */
		8260EDBB29D9DEE60059AA09 /* PBXTargetDependency */ = {
			isa = PBXTargetDependency;
			target = 8260EDA329D9DEE50059AA09 /* CSE335Lab7 */;
			targetProxy = 8260EDBA29D9DEE60059AA09 /* PBXContainerItemProxy */;
		};
		8260EDC529D9DEE60059AA09 /* PBXTargetDependency */ = {
			isa = PBXTargetDependency;
			target = 8260EDA329D9DEE50059AA09 /* CSE335Lab7 */;
			targetProxy = 8260EDC429D9DEE60059AA09 /* PBXContainerItemProxy */;
		};
/* End PBXTargetDependency section */

/* Begin XCBuildConfiguration section */
		8260EDCB29D9DEE60059AA09 /* Debug */ = {
			isa = XCBuildConfiguration;
			buildSettings = {
				ALWAYS_SEARCH_USER_PATHS = NO;
				CLANG_ANALYZER_NONNULL = YES;
				CLANG_ANALYZER_NUMBER_OBJECT_CONVERSION = YES_AGGRESSIVE;
				CLANG_CXX_LANGUAGE_STANDARD = "gnu++20";
				CLANG_ENABLE_MODULES = YES;
				CLANG_ENABLE_OBJC_ARC = YES;
				CLANG_ENABLE_OBJC_WEAK = YES;
				CLANG_WARN_BLOCK_CAPTURE_AUTORELEASING = YES;
				CLANG_WARN_BOOL_CONVERSION = YES;
				CLANG_WARN_COMMA = YES;
				CLANG_WARN_CONSTANT_CONVERSION = YES;
				CLANG_WARN_DEPRECATED_OBJC_IMPLEMENTATIONS = YES;
				CLANG_WARN_DIRECT_OBJC_ISA_USAGE = YES_ERROR;
				CLANG_WARN_DOCUMENTATION_COMMENTS = YES;
				CLANG_WARN_EMPTY_BODY = YES;
				CLANG_WARN_ENUM_CONVERSION = YES;
				CLANG_WARN_INFINITE_RECURSION = YES;
				CLANG_WARN_INT_CONVERSION = YES;
				CLANG_WARN_NON_LITERAL_NULL_CONVERSION = YES;
				CLANG_WARN_OBJC_IMPLICIT_RETAIN_SELF = YES;
				CLANG_WARN_OBJC_LITERAL_CONVERSION = YES;
				CLANG_WARN_OBJC_ROOT_CLASS = YES_ERROR;
				CLANG_WARN_QUOTED_INCLUDE_IN_FRAMEWORK_HEADER = YES;
				CLANG_WARN_RANGE_LOOP_ANALYSIS = YES;
				CLANG_WARN_STRICT_PROTOTYPES = YES;
				CLANG_WARN_SUSPICIOUS_MOVE = YES;
				CLANG_WARN_UNGUARDED_AVAILABILITY = YES_AGGRESSIVE;
				CLANG_WARN_UNREACHABLE_CODE = YES;
				CLANG_WARN__DUPLICATE_METHOD_MATCH = YES;
				COPY_PHASE_STRIP = NO;
				DEBUG_INFORMATION_FORMAT = dwarf;
				ENABLE_STRICT_OBJC_MSGSEND = YES;
				ENABLE_TESTABILITY = YES;
				GCC_C_LANGUAGE_STANDARD = gnu11;
				GCC_DYNAMIC_NO_PIC = NO;
				GCC_NO_COMMON_BLOCKS = YES;
				GCC_OPTIMIZATION_LEVEL = 0;
				GCC_PREPROCESSOR_DEFINITIONS = (
					"DEBUG=1",
					"$(inherited)",
				);
				GCC_WARN_64_TO_32_BIT_CONVERSION = YES;
				GCC_WARN_ABOUT_RETURN_TYPE = YES_ERROR;
				GCC_WARN_UNDECLARED_SELECTOR = YES;
				GCC_WARN_UNINITIALIZED_AUTOS = YES_AGGRESSIVE;
				GCC_WARN_UNUSED_FUNCTION = YES;
				GCC_WARN_UNUSED_VARIABLE = YES;
				IPHONEOS_DEPLOYMENT_TARGET = 16.2;
				MTL_ENABLE_DEBUG_INFO = INCLUDE_SOURCE;
				MTL_FAST_MATH = YES;
				ONLY_ACTIVE_ARCH = YES;
				SDKROOT = iphoneos;
				SWIFT_ACTIVE_COMPILATION_CONDITIONS = DEBUG;
				SWIFT_OPTIMIZATION_LEVEL = "-Onone";
			};
			name = Debug;
		};
		8260EDCC29D9DEE60059AA09 /* Release */ = {
			isa = XCBuildConfiguration;
			buildSettings = {
				ALWAYS_SEARCH_USER_PATHS = NO;
				CLANG_ANALYZER_NONNULL = YES;
				CLANG_ANALYZER_NUMBER_OBJECT_CONVERSION = YES_AGGRESSIVE;
				CLANG_CXX_LANGUAGE_STANDARD = "gnu++20";
				CLANG_ENABLE_MODULES = YES;
				CLANG_ENABLE_OBJC_ARC = YES;
				CLANG_ENABLE_OBJC_WEAK = YES;
				CLANG_WARN_BLOCK_CAPTURE_AUTORELEASING = YES;
				CLANG_WARN_BOOL_CONVERSION = YES;
				CLANG_WARN_COMMA = YES;
				CLANG_WARN_CONSTANT_CONVERSION = YES;
				CLANG_WARN_DEPRECATED_OBJC_IMPLEMENTATIONS = YES;
				CLANG_WARN_DIRECT_OBJC_ISA_USAGE = YES_ERROR;
				CLANG_WARN_DOCUMENTATION_COMMENTS = YES;
				CLANG_WARN_EMPTY_BODY = YES;
				CLANG_WARN_ENUM_CONVERSION = YES;
				CLANG_WARN_INFINITE_RECURSION = YES;
				CLANG_WARN_INT_CONVERSION = YES;
				CLANG_WARN_NON_LITERAL_NULL_CONVERSION = YES;
				CLANG_WARN_OBJC_IMPLICIT_RETAIN_SELF = YES;
				CLANG_WARN_OBJC_LITERAL_CONVERSION = YES;
				CLANG_WARN_OBJC_ROOT_CLASS = YES_ERROR;
				CLANG_WARN_QUOTED_INCLUDE_IN_FRAMEWORK_HEADER = YES;
				CLANG_WARN_RANGE_LOOP_ANALYSIS = YES;
				CLANG_WARN_STRICT_PROTOTYPES = YES;
				CLANG_WARN_SUSPICIOUS_MOVE = YES;
				CLANG_WARN_UNGUARDED_AVAILABILITY = YES_AGGRESSIVE;
				CLANG_WARN_UNREACHABLE_CODE = YES;
				CLANG_WARN__DUPLICATE_METHOD_MATCH = YES;
				COPY_PHASE_STRIP = NO;
				DEBUG_INFORMATION_FORMAT = "dwarf-with-dsym";
				ENABLE_NS_ASSERTIONS = NO;
				ENABLE_STRICT_OBJC_MSGSEND = YES;
				GCC_C_LANGUAGE_STANDARD = gnu11;
				GCC_NO_COMMON_BLOCKS = YES;
				GCC_WARN_64_TO_32_BIT_CONVERSION = YES;
				GCC_WARN_ABOUT_RETURN_TYPE = YES_ERROR;
				GCC_WARN_UNDECLARED_SELECTOR = YES;
				GCC_WARN_UNINITIALIZED_AUTOS = YES_AGGRESSIVE;
				GCC_WARN_UNUSED_FUNCTION = YES;
				GCC_WARN_UNUSED_VARIABLE = YES;
				IPHONEOS_DEPLOYMENT_TARGET = 16.2;
				MTL_ENABLE_DEBUG_INFO = NO;
				MTL_FAST_MATH = YES;
				SDKROOT = iphoneos;
				SWIFT_COMPILATION_MODE = wholemodule;
				SWIFT_OPTIMIZATION_LEVEL = "-O";
				VALIDATE_PRODUCT = YES;
			};
			name = Release;
		};
		8260EDCE29D9DEE60059AA09 /* Debug */ = {
			isa = XCBuildConfiguration;
			buildSettings = {
				ASSETCATALOG_COMPILER_APPICON_NAME = AppIcon;
				ASSETCATALOG_COMPILER_GLOBAL_ACCENT_COLOR_NAME = AccentColor;
				CODE_SIGN_STYLE = Automatic;
				CURRENT_PROJECT_VERSION = 1;
				DEVELOPMENT_ASSET_PATHS = "\"CSE335Lab7/Preview Content\"";
				ENABLE_PREVIEWS = YES;
				GENERATE_INFOPLIST_FILE = YES;
				INFOPLIST_KEY_UIApplicationSceneManifest_Generation = YES;
				INFOPLIST_KEY_UIApplicationSupportsIndirectInputEvents = YES;
				INFOPLIST_KEY_UILaunchScreen_Generation = YES;
				INFOPLIST_KEY_UISupportedInterfaceOrientations_iPad = "UIInterfaceOrientationPortrait UIInterfaceOrientationPortraitUpsideDown UIInterfaceOrientationLandscapeLeft UIInterfaceOrientationLandscapeRight";
				INFOPLIST_KEY_UISupportedInterfaceOrientations_iPhone = "UIInterfaceOrientationPortrait UIInterfaceOrientationLandscapeLeft UIInterfaceOrientationLandscapeRight";
				LD_RUNPATH_SEARCH_PATHS = (
					"$(inherited)",
					"@executable_path/Frameworks",
				);
				MARKETING_VERSION = 1.0;
				PRODUCT_BUNDLE_IDENTIFIER = "Arjun-Dadhwal-ID-1219733788.CSE335Lab7";
				PRODUCT_NAME = "$(TARGET_NAME)";
				SWIFT_EMIT_LOC_STRINGS = YES;
				SWIFT_VERSION = 5.0;
				TARGETED_DEVICE_FAMILY = "1,2";
			};
			name = Debug;
		};
		8260EDCF29D9DEE60059AA09 /* Release */ = {
			isa = XCBuildConfiguration;
			buildSettings = {
				ASSETCATALOG_COMPILER_APPICON_NAME = AppIcon;
				ASSETCATALOG_COMPILER_GLOBAL_ACCENT_COLOR_NAME = AccentColor;
				CODE_SIGN_STYLE = Automatic;
				CURRENT_PROJECT_VERSION = 1;
				DEVELOPMENT_ASSET_PATHS = "\"CSE335Lab7/Preview Content\"";
				ENABLE_PREVIEWS = YES;
				GENERATE_INFOPLIST_FILE = YES;
				INFOPLIST_KEY_UIApplicationSceneManifest_Generation = YES;
				INFOPLIST_KEY_UIApplicationSupportsIndirectInputEvents = YES;
				INFOPLIST_KEY_UILaunchScreen_Generation = YES;
				INFOPLIST_KEY_UISupportedInterfaceOrientations_iPad = "UIInterfaceOrientationPortrait UIInterfaceOrientationPortraitUpsideDown UIInterfaceOrientationLandscapeLeft UIInterfaceOrientationLandscapeRight";
				INFOPLIST_KEY_UISupportedInterfaceOrientations_iPhone = "UIInterfaceOrientationPortrait UIInterfaceOrientationLandscapeLeft UIInterfaceOrientationLandscapeRight";
				LD_RUNPATH_SEARCH_PATHS = (
					"$(inherited)",
					"@executable_path/Frameworks",
				);
				MARKETING_VERSION = 1.0;
				PRODUCT_BUNDLE_IDENTIFIER = "Arjun-Dadhwal-ID-1219733788.CSE335Lab7";
				PRODUCT_NAME = "$(TARGET_NAME)";
				SWIFT_EMIT_LOC_STRINGS = YES;
				SWIFT_VERSION = 5.0;
				TARGETED_DEVICE_FAMILY = "1,2";
			};
			name = Release;
		};
		8260EDD129D9DEE60059AA09 /* Debug */ = {
			isa = XCBuildConfiguration;
			buildSettings = {
				ALWAYS_EMBED_SWIFT_STANDARD_LIBRARIES = YES;
				BUNDLE_LOADER = "$(TEST_HOST)";
				CODE_SIGN_STYLE = Automatic;
				CURRENT_PROJECT_VERSION = 1;
				GENERATE_INFOPLIST_FILE = YES;
				IPHONEOS_DEPLOYMENT_TARGET = 16.2;
				MARKETING_VERSION = 1.0;
				PRODUCT_BUNDLE_IDENTIFIER = "Arjun-Dadhwal-ID-1219733788.CSE335Lab7Tests";
				PRODUCT_NAME = "$(TARGET_NAME)";
				SWIFT_EMIT_LOC_STRINGS = NO;
				SWIFT_VERSION = 5.0;
				TARGETED_DEVICE_FAMILY = "1,2";
				TEST_HOST = "$(BUILT_PRODUCTS_DIR)/CSE335Lab7.app/$(BUNDLE_EXECUTABLE_FOLDER_PATH)/CSE335Lab7";
			};
			name = Debug;
		};
		8260EDD229D9DEE60059AA09 /* Release */ = {
			isa = XCBuildConfiguration;
			buildSettings = {
				ALWAYS_EMBED_SWIFT_STANDARD_LIBRARIES = YES;
				BUNDLE_LOADER = "$(TEST_HOST)";
				CODE_SIGN_STYLE = Automatic;
				CURRENT_PROJECT_VERSION = 1;
				GENERATE_INFOPLIST_FILE = YES;
				IPHONEOS_DEPLOYMENT_TARGET = 16.2;
				MARKETING_VERSION = 1.0;
				PRODUCT_BUNDLE_IDENTIFIER = "Arjun-Dadhwal-ID-1219733788.CSE335Lab7Tests";
				PRODUCT_NAME = "$(TARGET_NAME)";
				SWIFT_EMIT_LOC_STRINGS = NO;
				SWIFT_VERSION = 5.0;
				TARGETED_DEVICE_FAMILY = "1,2";
				TEST_HOST = "$(BUILT_PRODUCTS_DIR)/CSE335Lab7.app/$(BUNDLE_EXECUTABLE_FOLDER_PATH)/CSE335Lab7";
			};
			name = Release;
		};
		8260EDD429D9DEE60059AA09 /* Debug */ = {
			isa = XCBuildConfiguration;
			buildSettings = {
				ALWAYS_EMBED_SWIFT_STANDARD_LIBRARIES = YES;
				CODE_SIGN_STYLE = Automatic;
				CURRENT_PROJECT_VERSION = 1;
				GENERATE_INFOPLIST_FILE = YES;
				MARKETING_VERSION = 1.0;
				PRODUCT_BUNDLE_IDENTIFIER = "Arjun-Dadhwal-ID-1219733788.CSE335Lab7UITests";
				PRODUCT_NAME = "$(TARGET_NAME)";
				SWIFT_EMIT_LOC_STRINGS = NO;
				SWIFT_VERSION = 5.0;
				TARGETED_DEVICE_FAMILY = "1,2";
				TEST_TARGET_NAME = CSE335Lab7;
			};
			name = Debug;
		};
		8260EDD529D9DEE60059AA09 /* Release */ = {
			isa = XCBuildConfiguration;
			buildSettings = {
				ALWAYS_EMBED_SWIFT_STANDARD_LIBRARIES = YES;
				CODE_SIGN_STYLE = Automatic;
				CURRENT_PROJECT_VERSION = 1;
				GENERATE_INFOPLIST_FILE = YES;
				MARKETING_VERSION = 1.0;
				PRODUCT_BUNDLE_IDENTIFIER = "Arjun-Dadhwal-ID-1219733788.CSE335Lab7UITests";
				PRODUCT_NAME = "$(TARGET_NAME)";
				SWIFT_EMIT_LOC_STRINGS = NO;
				SWIFT_VERSION = 5.0;
				TARGETED_DEVICE_FAMILY = "1,2";
				TEST_TARGET_NAME = CSE335Lab7;
			};
			name = Release;
		};
/* End XCBuildConfiguration section */

/* Begin XCConfigurationList section */
		8260ED9F29D9DEE50059AA09 /* Build configuration list for PBXProject "CSE335Lab7" */ = {
			isa = XCConfigurationList;
			buildConfigurations = (
				8260EDCB29D9DEE60059AA09 /* Debug */,
				8260EDCC29D9DEE60059AA09 /* Release */,
			);
			defaultConfigurationIsVisible = 0;
			defaultConfigurationName = Release;
		};
		8260EDCD29D9DEE60059AA09 /* Build configuration list for PBXNativeTarget "CSE335Lab7" */ = {
			isa = XCConfigurationList;
			buildConfigurations = (
				8260EDCE29D9DEE60059AA09 /* Debug */,
				8260EDCF29D9DEE60059AA09 /* Release */,
			);
			defaultConfigurationIsVisible = 0;
			defaultConfigurationName = Release;
		};
		8260EDD029D9DEE60059AA09 /* Build configuration list for PBXNativeTarget "CSE335Lab7Tests" */ = {
			isa = XCConfigurationList;
			buildConfigurations = (
				8260EDD129D9DEE60059AA09 /* Debug */,
				8260EDD229D9DEE60059AA09 /* Release */,
			);
			defaultConfigurationIsVisible = 0;
			defaultConfigurationName = Release;
		};
		8260EDD329D9DEE60059AA09 /* Build configuration list for PBXNativeTarget "CSE335Lab7UITests" */ = {
			isa = XCConfigurationList;
			buildConfigurations = (
				8260EDD429D9DEE60059AA09 /* Debug */,
				8260EDD529D9DEE60059AA09 /* Release */,
			);
			defaultConfigurationIsVisible = 0;
			defaultConfigurationName = Release;
		};
/* End XCConfigurationList section */

/* Begin XCVersionGroup section */
		8260EDB229D9DEE60059AA09 /* CSE335Lab7.xcdatamodeld */ = {
			isa = XCVersionGroup;
			children = (
				8260EDB329D9DEE60059AA09 /* CSE335Lab7.xcdatamodel */,
			);
			currentVersion = 8260EDB329D9DEE60059AA09 /* CSE335Lab7.xcdatamodel */;
			path = CSE335Lab7.xcdatamodeld;
			sourceTree = "<group>";
			versionGroupType = wrapper.xcdatamodel;
		};
/* End XCVersionGroup section */
	};
	rootObject = 8260ED9C29D9DEE50059AA09 /* Project object */;
}
